
Microsoft Visual Studio Solution File, Format Version 12.00
# Visual Studio 15
VisualStudioVersion = 15.0.27004.2008
MinimumVisualStudioVersion = 10.0.40219.1
Project("{FAE04EC0-301F-11D3-BF4B-00C04F79EFBC}") = "HW4", "HW4.csproj", "{8A63B93F-B145-4479-A1D9-A25AF9225DE0}"
EndProject
Global
	GlobalSection(SolutionConfigurationPlatforms) = preSolution
		Debug|Any CPU = Debug|Any CPU
		Release|Any CPU = Release|Any CPU
	EndGlobalSection
	GlobalSection(ProjectConfigurationPlatforms) = postSolution
		{8A63B93F-B145-4479-A1D9-A25AF9225DE0}.Debug|Any CPU.ActiveCfg = Debug|Any CPU
		{8A63B93F-B145-4479-A1D9-A25AF9225DE0}.Debug|Any CPU.Build.0 = Debug|Any CPU
		{8A63B93F-B145-4479-A1D9-A25AF9225DE0}.Release|Any CPU.ActiveCfg = Release|Any CPU
		{8A63B93F-B145-4479-A1D9-A25AF9225DE0}.Release|Any CPU.Build.0 = Release|Any CPU
	EndGlobalSection
	GlobalSection(SolutionProperties) = preSolution
		HideSolutionNode = FALSE
	EndGlobalSection
	GlobalSection(ExtensibilityGlobals) = postSolution
		SolutionGuid = {33789813-F224-4FC7-9F12-2C04EB506A88}
	EndGlobalSection
EndGlobal
