
Microsoft Visual Studio Solution File, Format Version 12.00
# Visual Studio 15
VisualStudioVersion = 15.0.27004.2008
MinimumVisualStudioVersion = 10.0.40219.1
Project("{FAE04EC0-301F-11D3-BF4B-00C04F79EFBC}") = "lab3 BMI calculator", "lab3 BMI calculator.csproj", "{1D1FE5B9-13DF-43E3-8734-02E094A568DE}"
EndProject
Global
	GlobalSection(SolutionConfigurationPlatforms) = preSolution
		Debug|Any CPU = Debug|Any CPU
		Release|Any CPU = Release|Any CPU
	EndGlobalSection
	GlobalSection(ProjectConfigurationPlatforms) = postSolution
		{1D1FE5B9-13DF-43E3-8734-02E094A568DE}.Debug|Any CPU.ActiveCfg = Debug|Any CPU
		{1D1FE5B9-13DF-43E3-8734-02E094A568DE}.Debug|Any CPU.Build.0 = Debug|Any CPU
		{1D1FE5B9-13DF-43E3-8734-02E094A568DE}.Release|Any CPU.ActiveCfg = Release|Any CPU
		{1D1FE5B9-13DF-43E3-8734-02E094A568DE}.Release|Any CPU.Build.0 = Release|Any CPU
	EndGlobalSection
	GlobalSection(SolutionProperties) = preSolution
		HideSolutionNode = FALSE
	EndGlobalSection
	GlobalSection(ExtensibilityGlobals) = postSolution
		SolutionGuid = {BBD85D82-1AD0-4BF5-93EB-964670DC2E3A}
	EndGlobalSection
EndGlobal
