
Microsoft Visual Studio Solution File, Format Version 12.00
# Visual Studio 15
VisualStudioVersion = 15.0.27004.2008
MinimumVisualStudioVersion = 10.0.40219.1
Project("{FAE04EC0-301F-11D3-BF4B-00C04F79EFBC}") = "LAB 5 GAME of 23", "LAB 5 GAME of 23.csproj", "{04AFAFB6-D37F-4F29-B58F-66238A718D74}"
EndProject
Global
	GlobalSection(SolutionConfigurationPlatforms) = preSolution
		Debug|Any CPU = Debug|Any CPU
		Release|Any CPU = Release|Any CPU
	EndGlobalSection
	GlobalSection(ProjectConfigurationPlatforms) = postSolution
		{04AFAFB6-D37F-4F29-B58F-66238A718D74}.Debug|Any CPU.ActiveCfg = Debug|Any CPU
		{04AFAFB6-D37F-4F29-B58F-66238A718D74}.Debug|Any CPU.Build.0 = Debug|Any CPU
		{04AFAFB6-D37F-4F29-B58F-66238A718D74}.Release|Any CPU.ActiveCfg = Release|Any CPU
		{04AFAFB6-D37F-4F29-B58F-66238A718D74}.Release|Any CPU.Build.0 = Release|Any CPU
	EndGlobalSection
	GlobalSection(SolutionProperties) = preSolution
		HideSolutionNode = FALSE
	EndGlobalSection
	GlobalSection(ExtensibilityGlobals) = postSolution
		SolutionGuid = {54B3CCB8-D94E-490D-B70C-39EF4836A97B}
	EndGlobalSection
EndGlobal
